// !$*UTF8*$!
{
	archiveVersion = 1;
	classes = {
	};
	objectVersion = 46;
	objects = {

/* Begin PBXBuildFile section */
		049A13E319B1BFD3005E792A /* Foundation.framework in Frameworks */ = {isa = PBXBuildFile; fileRef = 049A13E219B1BFD3005E792A /* Foundation.framework */; };
		049A13E519B1BFD3005E792A /* CoreGraphics.framework in Frameworks */ = {isa = PBXBuildFile; fileRef = 049A13E419B1BFD3005E792A /* CoreGraphics.framework */; };
		049A13E719B1BFD3005E792A /* UIKit.framework in Frameworks */ = {isa = PBXBuildFile; fileRef = 049A13E619B1BFD3005E792A /* UIKit.framework */; };
		049A13ED19B1BFD3005E792A /* InfoPlist.strings in Resources */ = {isa = PBXBuildFile; fileRef = 049A13EB19B1BFD3005E792A /* InfoPlist.strings */; };
		049A13EF19B1BFD3005E792A /* main.m in Sources */ = {isa = PBXBuildFile; fileRef = 049A13EE19B1BFD3005E792A /* main.m */; };
		049A13F319B1BFD3005E792A /* XMAppDelegate.m in Sources */ = {isa = PBXBuildFile; fileRef = 049A13F219B1BFD3005E792A /* XMAppDelegate.m */; };
		049A13F619B1BFD3005E792A /* Main.storyboard in Resources */ = {isa = PBXBuildFile; fileRef = 049A13F419B1BFD3005E792A /* Main.storyboard */; };
		049A13F919B1BFD3005E792A /* XMViewController.m in Sources */ = {isa = PBXBuildFile; fileRef = 049A13F819B1BFD3005E792A /* XMViewController.m */; };
		049A13FB19B1BFD3005E792A /* Images.xcassets in Resources */ = {isa = PBXBuildFile; fileRef = 049A13FA19B1BFD3005E792A /* Images.xcassets */; };
		049A140219B1BFD3005E792A /* XCTest.framework in Frameworks */ = {isa = PBXBuildFile; fileRef = 049A140119B1BFD3005E792A /* XCTest.framework */; };
		049A140319B1BFD3005E792A /* Foundation.framework in Frameworks */ = {isa = PBXBuildFile; fileRef = 049A13E219B1BFD3005E792A /* Foundation.framework */; };
		049A140419B1BFD3005E792A /* UIKit.framework in Frameworks */ = {isa = PBXBuildFile; fileRef = 049A13E619B1BFD3005E792A /* UIKit.framework */; };
		049A140C19B1BFD3005E792A /* InfoPlist.strings in Resources */ = {isa = PBXBuildFile; fileRef = 049A140A19B1BFD3005E792A /* InfoPlist.strings */; };
		049A140E19B1BFD3005E792A /* NSDate_LearnTests.m in Sources */ = {isa = PBXBuildFile; fileRef = 049A140D19B1BFD3005E792A /* NSDate_LearnTests.m */; };
/* End PBXBuildFile section */

/* Begin PBXContainerItemProxy section */
		049A140519B1BFD3005E792A /* PBXContainerItemProxy */ = {
			isa = PBXContainerItemProxy;
			containerPortal = 049A13D719B1BFD3005E792A /* Project object */;
			proxyType = 1;
			remoteGlobalIDString = 049A13DE19B1BFD3005E792A;
			remoteInfo = NSDate_Learn;
		};
/* End PBXContainerItemProxy section */

/* Begin PBXFileReference section */
		049A13DF19B1BFD3005E792A /* NSDate_Learn.app */ = {isa = PBXFileReference; explicitFileType = wrapper.application; includeInIndex = 0; path = NSDate_Learn.app; sourceTree = BUILT_PRODUCTS_DIR; };
		049A13E219B1BFD3005E792A /* Foundation.framework */ = {isa = PBXFileReference; lastKnownFileType = wrapper.framework; name = Foundation.framework; path = System/Library/Frameworks/Foundation.framework; sourceTree = SDKROOT; };
		049A13E419B1BFD3005E792A /* CoreGraphics.framework */ = {isa = PBXFileReference; lastKnownFileType = wrapper.framework; name = CoreGraphics.framework; path = System/Library/Frameworks/CoreGraphics.framework; sourceTree = SDKROOT; };
		049A13E619B1BFD3005E792A /* UIKit.framework */ = {isa = PBXFileReference; lastKnownFileType = wrapper.framework; name = UIKit.framework; path = System/Library/Frameworks/UIKit.framework; sourceTree = SDKROOT; };
		049A13EA19B1BFD3005E792A /* NSDate_Learn-Info.plist */ = {isa = PBXFileReference; lastKnownFileType = text.plist.xml; path = "NSDate_Learn-Info.plist"; sourceTree = "<group>"; };
		049A13EC19B1BFD3005E792A /* en */ = {isa = PBXFileReference; lastKnownFileType = text.plist.strings; name = en; path = en.lproj/InfoPlist.strings; sourceTree = "<group>"; };
		049A13EE19B1BFD3005E792A /* main.m */ = {isa = PBXFileReference; lastKnownFileType = sourcecode.c.objc; path = main.m; sourceTree = "<group>"; };
		049A13F019B1BFD3005E792A /* NSDate_Learn-Prefix.pch */ = {isa = PBXFileReference; lastKnownFileType = sourcecode.c.h; path = "NSDate_Learn-Prefix.pch"; sourceTree = "<group>"; };
		049A13F119B1BFD3005E792A /* XMAppDelegate.h */ = {isa = PBXFileReference; lastKnownFileType = sourcecode.c.h; path = XMAppDelegate.h; sourceTree = "<group>"; };
		049A13F219B1BFD3005E792A /* XMAppDelegate.m */ = {isa = PBXFileReference; lastKnownFileType = sourcecode.c.objc; path = XMAppDelegate.m; sourceTree = "<group>"; };
		049A13F519B1BFD3005E792A /* Base */ = {isa = PBXFileReference; lastKnownFileType = file.storyboard; name = Base; path = Base.lproj/Main.storyboard; sourceTree = "<group>"; };
		049A13F719B1BFD3005E792A /* XMViewController.h */ = {isa = PBXFileReference; lastKnownFileType = sourcecode.c.h; path = XMViewController.h; sourceTree = "<group>"; };
		049A13F819B1BFD3005E792A /* XMViewController.m */ = {isa = PBXFileReference; lastKnownFileType = sourcecode.c.objc; path = XMViewController.m; sourceTree = "<group>"; };
		049A13FA19B1BFD3005E792A /* Images.xcassets */ = {isa = PBXFileReference; lastKnownFileType = folder.assetcatalog; path = Images.xcassets; sourceTree = "<group>"; };
		049A140019B1BFD3005E792A /* NSDate_LearnTests.xctest */ = {isa = PBXFileReference; explicitFileType = wrapper.cfbundle; includeInIndex = 0; path = NSDate_LearnTests.xctest; sourceTree = BUILT_PRODUCTS_DIR; };
		049A140119B1BFD3005E792A /* XCTest.framework */ = {isa = PBXFileReference; lastKnownFileType = wrapper.framework; name = XCTest.framework; path = Library/Frameworks/XCTest.framework; sourceTree = DEVELOPER_DIR; };
		049A140919B1BFD3005E792A /* NSDate_LearnTests-Info.plist */ = {isa = PBXFileReference; lastKnownFileType = text.plist.xml; path = "NSDate_LearnTests-Info.plist"; sourceTree = "<group>"; };
		049A140B19B1BFD3005E792A /* en */ = {isa = PBXFileReference; lastKnownFileType = text.plist.strings; name = en; path = en.lproj/InfoPlist.strings; sourceTree = "<group>"; };
		049A140D19B1BFD3005E792A /* NSDate_LearnTests.m */ = {isa = PBXFileReference; lastKnownFileType = sourcecode.c.objc; path = NSDate_LearnTests.m; sourceTree = "<group>"; };
/* End PBXFileReference section */

/* Begin PBXFrameworksBuildPhase section */
		049A13DC19B1BFD3005E792A /* Frameworks */ = {
			isa = PBXFrameworksBuildPhase;
			buildActionMask = 2147483647;
			files = (
				049A13E519B1BFD3005E792A /* CoreGraphics.framework in Frameworks */,
				049A13E719B1BFD3005E792A /* UIKit.framework in Frameworks */,
				049A13E319B1BFD3005E792A /* Foundation.framework in Frameworks */,
			);
			runOnlyForDeploymentPostprocessing = 0;
		};
		049A13FD19B1BFD3005E792A /* Frameworks */ = {
			isa = PBXFrameworksBuildPhase;
			buildActionMask = 2147483647;
			files = (
				049A140219B1BFD3005E792A /* XCTest.framework in Frameworks */,
				049A140419B1BFD3005E792A /* UIKit.framework in Frameworks */,
				049A140319B1BFD3005E792A /* Foundation.framework in Frameworks */,
			);
			runOnlyForDeploymentPostprocessing = 0;
		};
/* End PBXFrameworksBuildPhase section */

/* Begin PBXGroup section */
		049A13D619B1BFD3005E792A = {
			isa = PBXGroup;
			children = (
				049A13E819B1BFD3005E792A /* NSDate_Learn */,
				049A140719B1BFD3005E792A /* NSDate_LearnTests */,
				049A13E119B1BFD3005E792A /* Frameworks */,
				049A13E019B1BFD3005E792A /* Products */,
			);
			sourceTree = "<group>";
		};
		049A13E019B1BFD3005E792A /* Products */ = {
			isa = PBXGroup;
			children = (
				049A13DF19B1BFD3005E792A /* NSDate_Learn.app */,
				049A140019B1BFD3005E792A /* NSDate_LearnTests.xctest */,
			);
			name = Products;
			sourceTree = "<group>";
		};
		049A13E119B1BFD3005E792A /* Frameworks */ = {
			isa = PBXGroup;
			children = (
				049A13E219B1BFD3005E792A /* Foundation.framework */,
				049A13E419B1BFD3005E792A /* CoreGraphics.framework */,
				049A13E619B1BFD3005E792A /* UIKit.framework */,
				049A140119B1BFD3005E792A /* XCTest.framework */,
			);
			name = Frameworks;
			sourceTree = "<group>";
		};
		049A13E819B1BFD3005E792A /* NSDate_Learn */ = {
			isa = PBXGroup;
			children = (
				049A13F119B1BFD3005E792A /* XMAppDelegate.h */,
				049A13F219B1BFD3005E792A /* XMAppDelegate.m */,
				049A13F419B1BFD3005E792A /* Main.storyboard */,
				049A13F719B1BFD3005E792A /* XMViewController.h */,
				049A13F819B1BFD3005E792A /* XMViewController.m */,
				049A13FA19B1BFD3005E792A /* Images.xcassets */,
				049A13E919B1BFD3005E792A /* Supporting Files */,
			);
			path = NSDate_Learn;
			sourceTree = "<group>";
		};
		049A13E919B1BFD3005E792A /* Supporting Files */ = {
			isa = PBXGroup;
			children = (
				049A13EA19B1BFD3005E792A /* NSDate_Learn-Info.plist */,
				049A13EB19B1BFD3005E792A /* InfoPlist.strings */,
				049A13EE19B1BFD3005E792A /* main.m */,
				049A13F019B1BFD3005E792A /* NSDate_Learn-Prefix.pch */,
			);
			name = "Supporting Files";
			sourceTree = "<group>";
		};
		049A140719B1BFD3005E792A /* NSDate_LearnTests */ = {
			isa = PBXGroup;
			children = (
				049A140D19B1BFD3005E792A /* NSDate_LearnTests.m */,
				049A140819B1BFD3005E792A /* Supporting Files */,
			);
			path = NSDate_LearnTests;
			sourceTree = "<group>";
		};
		049A140819B1BFD3005E792A /* Supporting Files */ = {
			isa = PBXGroup;
			children = (
				049A140919B1BFD3005E792A /* NSDate_LearnTests-Info.plist */,
				049A140A19B1BFD3005E792A /* InfoPlist.strings */,
			);
			name = "Supporting Files";
			sourceTree = "<group>";
		};
/* End PBXGroup section */

/* Begin PBXNativeTarget section */
		049A13DE19B1BFD3005E792A /* NSDate_Learn */ = {
			isa = PBXNativeTarget;
			buildConfigurationList = 049A141119B1BFD3005E792A /* Build configuration list for PBXNativeTarget "NSDate_Learn" */;
			buildPhases = (
				049A13DB19B1BFD3005E792A /* Sources */,
				049A13DC19B1BFD3005E792A /* Frameworks */,
				049A13DD19B1BFD3005E792A /* Resources */,
			);
			buildRules = (
			);
			dependencies = (
			);
			name = NSDate_Learn;
			productName = NSDate_Learn;
			productReference = 049A13DF19B1BFD3005E792A /* NSDate_Learn.app */;
			productType = "com.apple.product-type.application";
		};
		049A13FF19B1BFD3005E792A /* NSDate_LearnTests */ = {
			isa = PBXNativeTarget;
			buildConfigurationList = 049A141419B1BFD3005E792A /* Build configuration list for PBXNativeTarget "NSDate_LearnTests" */;
			buildPhases = (
				049A13FC19B1BFD3005E792A /* Sources */,
				049A13FD19B1BFD3005E792A /* Frameworks */,
				049A13FE19B1BFD3005E792A /* Resources */,
			);
			buildRules = (
			);
			dependencies = (
				049A140619B1BFD3005E792A /* PBXTargetDependency */,
			);
			name = NSDate_LearnTests;
			productName = NSDate_LearnTests;
			productReference = 049A140019B1BFD3005E792A /* NSDate_LearnTests.xctest */;
			productType = "com.apple.product-type.bundle.unit-test";
		};
/* End PBXNativeTarget section */

/* Begin PBXProject section */
		049A13D719B1BFD3005E792A /* Project object */ = {
			isa = PBXProject;
			attributes = {
				CLASSPREFIX = XM;
				LastUpgradeCheck = 0510;
				ORGANIZATIONNAME = com.yuzhuangbao.xiaomi;
				TargetAttributes = {
					049A13FF19B1BFD3005E792A = {
						TestTargetID = 049A13DE19B1BFD3005E792A;
					};
				};
			};
			buildConfigurationList = 049A13DA19B1BFD3005E792A /* Build configuration list for PBXProject "NSDate_Learn" */;
			compatibilityVersion = "Xcode 3.2";
			developmentRegion = English;
			hasScannedForEncodings = 0;
			knownRegions = (
				en,
				Base,
			);
			mainGroup = 049A13D619B1BFD3005E792A;
			productRefGroup = 049A13E019B1BFD3005E792A /* Products */;
			projectDirPath = "";
			projectRoot = "";
			targets = (
				049A13DE19B1BFD3005E792A /* NSDate_Learn */,
				049A13FF19B1BFD3005E792A /* NSDate_LearnTests */,
			);
		};
/* End PBXProject section */

/* Begin PBXResourcesBuildPhase section */
		049A13DD19B1BFD3005E792A /* Resources */ = {
			isa = PBXResourcesBuildPhase;
			buildActionMask = 2147483647;
			files = (
				049A13FB19B1BFD3005E792A /* Images.xcassets in Resources */,
				049A13ED19B1BFD3005E792A /* InfoPlist.strings in Resources */,
				049A13F619B1BFD3005E792A /* Main.storyboard in Resources */,
			);
			runOnlyForDeploymentPostprocessing = 0;
		};
		049A13FE19B1BFD3005E792A /* Resources */ = {
			isa = PBXResourcesBuildPhase;
			buildActionMask = 2147483647;
			files = (
				049A140C19B1BFD3005E792A /* InfoPlist.strings in Resources */,
			);
			runOnlyForDeploymentPostprocessing = 0;
		};
/* End PBXResourcesBuildPhase section */

/* Begin PBXSourcesBuildPhase section */
		049A13DB19B1BFD3005E792A /* Sources */ = {
			isa = PBXSourcesBuildPhase;
			buildActionMask = 2147483647;
			files = (
				049A13EF19B1BFD3005E792A /* main.m in Sources */,
				049A13F319B1BFD3005E792A /* XMAppDelegate.m in Sources */,
				049A13F919B1BFD3005E792A /* XMViewController.m in Sources */,
			);
			runOnlyForDeploymentPostprocessing = 0;
		};
		049A13FC19B1BFD3005E792A /* Sources */ = {
			isa = PBXSourcesBuildPhase;
			buildActionMask = 2147483647;
			files = (
				049A140E19B1BFD3005E792A /* NSDate_LearnTests.m in Sources */,
			);
			runOnlyForDeploymentPostprocessing = 0;
		};
/* End PBXSourcesBuildPhase section */

/* Begin PBXTargetDependency section */
		049A140619B1BFD3005E792A /* PBXTargetDependency */ = {
			isa = PBXTargetDependency;
			target = 049A13DE19B1BFD3005E792A /* NSDate_Learn */;
			targetProxy = 049A140519B1BFD3005E792A /* PBXContainerItemProxy */;
		};
/* End PBXTargetDependency section */

/* Begin PBXVariantGroup section */
		049A13EB19B1BFD3005E792A /* InfoPlist.strings */ = {
			isa = PBXVariantGroup;
			children = (
				049A13EC19B1BFD3005E792A /* en */,
			);
			name = InfoPlist.strings;
			sourceTree = "<group>";
		};
		049A13F419B1BFD3005E792A /* Main.storyboard */ = {
			isa = PBXVariantGroup;
			children = (
				049A13F519B1BFD3005E792A /* Base */,
			);
			name = Main.storyboard;
			sourceTree = "<group>";
		};
		049A140A19B1BFD3005E792A /* InfoPlist.strings */ = {
			isa = PBXVariantGroup;
			children = (
				049A140B19B1BFD3005E792A /* en */,
			);
			name = InfoPlist.strings;
			sourceTree = "<group>";
		};
/* End PBXVariantGroup section */

/* Begin XCBuildConfiguration section */
		049A140F19B1BFD3005E792A /* Debug */ = {
			isa = XCBuildConfiguration;
			buildSettings = {
				ALWAYS_SEARCH_USER_PATHS = NO;
				CLANG_CXX_LANGUAGE_STANDARD = "gnu++0x";
				CLANG_CXX_LIBRARY = "libc++";
				CLANG_ENABLE_MODULES = YES;
				CLANG_ENABLE_OBJC_ARC = YES;
				CLANG_WARN_BOOL_CONVERSION = YES;
				CLANG_WARN_CONSTANT_CONVERSION = YES;
				CLANG_WARN_DIRECT_OBJC_ISA_USAGE = YES_ERROR;
				CLANG_WARN_EMPTY_BODY = YES;
				CLANG_WARN_ENUM_CONVERSION = YES;
				CLANG_WARN_INT_CONVERSION = YES;
				CLANG_WARN_OBJC_ROOT_CLASS = YES_ERROR;
				CLANG_WARN__DUPLICATE_METHOD_MATCH = YES;
				"CODE_SIGN_IDENTITY[sdk=iphoneos*]" = "iPhone Developer";
				COPY_PHASE_STRIP = NO;
				GCC_C_LANGUAGE_STANDARD = gnu99;
				GCC_DYNAMIC_NO_PIC = NO;
				GCC_OPTIMIZATION_LEVEL = 0;
				GCC_PREPROCESSOR_DEFINITIONS = (
					"DEBUG=1",
					"$(inherited)",
				);
				GCC_SYMBOLS_PRIVATE_EXTERN = NO;
				GCC_WARN_64_TO_32_BIT_CONVERSION = YES;
				GCC_WARN_ABOUT_RETURN_TYPE = YES_ERROR;
				GCC_WARN_UNDECLARED_SELECTOR = YES;
				GCC_WARN_UNINITIALIZED_AUTOS = YES_AGGRESSIVE;
				GCC_WARN_UNUSED_FUNCTION = YES;
				GCC_WARN_UNUSED_VARIABLE = YES;
				IPHONEOS_DEPLOYMENT_TARGET = 7.1;
				ONLY_ACTIVE_ARCH = YES;
				SDKROOT = iphoneos;
			};
			name = Debug;
		};
		049A141019B1BFD3005E792A /* Release */ = {
			isa = XCBuildConfiguration;
			buildSettings = {
				ALWAYS_SEARCH_USER_PATHS = NO;
				CLANG_CXX_LANGUAGE_STANDARD = "gnu++0x";
				CLANG_CXX_LIBRARY = "libc++";
				CLANG_ENABLE_MODULES = YES;
				CLANG_ENABLE_OBJC_ARC = YES;
				CLANG_WARN_BOOL_CONVERSION = YES;
				CLANG_WARN_CONSTANT_CONVERSION = YES;
				CLANG_WARN_DIRECT_OBJC_ISA_USAGE = YES_ERROR;
				CLANG_WARN_EMPTY_BODY = YES;
				CLANG_WARN_ENUM_CONVERSION = YES;
				CLANG_WARN_INT_CONVERSION = YES;
				CLANG_WARN_OBJC_ROOT_CLASS = YES_ERROR;
				CLANG_WARN__DUPLICATE_METHOD_MATCH = YES;
				"CODE_SIGN_IDENTITY[sdk=iphoneos*]" = "iPhone Developer";
				COPY_PHASE_STRIP = YES;
				ENABLE_NS_ASSERTIONS = NO;
				GCC_C_LANGUAGE_STANDARD = gnu99;
				GCC_WARN_64_TO_32_BIT_CONVERSION = YES;
				GCC_WARN_ABOUT_RETURN_TYPE = YES_ERROR;
				GCC_WARN_UNDECLARED_SELECTOR = YES;
				GCC_WARN_UNINITIALIZED_AUTOS = YES_AGGRESSIVE;
				GCC_WARN_UNUSED_FUNCTION = YES;
				GCC_WARN_UNUSED_VARIABLE = YES;
				IPHONEOS_DEPLOYMENT_TARGET = 7.1;
				SDKROOT = iphoneos;
				VALIDATE_PRODUCT = YES;
			};
			name = Release;
		};
		049A141219B1BFD3005E792A /* Debug */ = {
			isa = XCBuildConfiguration;
			buildSettings = {
				ASSETCATALOG_COMPILER_APPICON_NAME = AppIcon;
				ASSETCATALOG_COMPILER_LAUNCHIMAGE_NAME = LaunchImage;
				GCC_PRECOMPILE_PREFIX_HEADER = YES;
				GCC_PREFIX_HEADER = "NSDate_Learn/NSDate_Learn-Prefix.pch";
				INFOPLIST_FILE = "NSDate_Learn/NSDate_Learn-Info.plist";
				IPHONEOS_DEPLOYMENT_TARGET = 6.0;
				PRODUCT_NAME = "$(TARGET_NAME)";
				WRAPPER_EXTENSION = app;
			};
			name = Debug;
		};
		049A141319B1BFD3005E792A /* Release */ = {
			isa = XCBuildConfiguration;
			buildSettings = {
				ASSETCATALOG_COMPILER_APPICON_NAME = AppIcon;
				ASSETCATALOG_COMPILER_LAUNCHIMAGE_NAME = LaunchImage;
				GCC_PRECOMPILE_PREFIX_HEADER = YES;
				GCC_PREFIX_HEADER = "NSDate_Learn/NSDate_Learn-Prefix.pch";
				INFOPLIST_FILE = "NSDate_Learn/NSDate_Learn-Info.plist";
				IPHONEOS_DEPLOYMENT_TARGET = 6.0;
				PRODUCT_NAME = "$(TARGET_NAME)";
				WRAPPER_EXTENSION = app;
			};
			name = Release;
		};
		049A141519B1BFD3005E792A /* Debug */ = {
			isa = XCBuildConfiguration;
			buildSettings = {
				BUNDLE_LOADER = "$(BUILT_PRODUCTS_DIR)/NSDate_Learn.app/NSDate_Learn";
				FRAMEWORK_SEARCH_PATHS = (
					"$(SDKROOT)/Developer/Library/Frameworks",
					"$(inherited)",
					"$(DEVELOPER_FRAMEWORKS_DIR)",
				);
				GCC_PRECOMPILE_PREFIX_HEADER = YES;
				GCC_PREFIX_HEADER = "NSDate_Learn/NSDate_Learn-Prefix.pch";
				GCC_PREPROCESSOR_DEFINITIONS = (
					"DEBUG=1",
					"$(inherited)",
				);
				INFOPLIST_FILE = "NSDate_LearnTests/NSDate_LearnTests-Info.plist";
				PRODUCT_NAME = "$(TARGET_NAME)";
				TEST_HOST = "$(BUNDLE_LOADER)";
				WRAPPER_EXTENSION = xctest;
			};
			name = Debug;
		};
		049A141619B1BFD3005E792A /* Release */ = {
			isa = XCBuildConfiguration;
			buildSettings = {
				BUNDLE_LOADER = "$(BUILT_PRODUCTS_DIR)/NSDate_Learn.app/NSDate_Learn";
				FRAMEWORK_SEARCH_PATHS = (
					"$(SDKROOT)/Developer/Library/Frameworks",
					"$(inherited)",
					"$(DEVELOPER_FRAMEWORKS_DIR)",
				);
				GCC_PRECOMPILE_PREFIX_HEADER = YES;
				GCC_PREFIX_HEADER = "NSDate_Learn/NSDate_Learn-Prefix.pch";
				INFOPLIST_FILE = "NSDate_LearnTests/NSDate_LearnTests-Info.plist";
				PRODUCT_NAME = "$(TARGET_NAME)";
				TEST_HOST = "$(BUNDLE_LOADER)";
				WRAPPER_EXTENSION = xctest;
			};
			name = Release;
		};
/* End XCBuildConfiguration section */

/* Begin XCConfigurationList section */
		049A13DA19B1BFD3005E792A /* Build configuration list for PBXProject "NSDate_Learn" */ = {
			isa = XCConfigurationList;
			buildConfigurations = (
				049A140F19B1BFD3005E792A /* Debug */,
				049A141019B1BFD3005E792A /* Release */,
			);
			defaultConfigurationIsVisible = 0;
			defaultConfigurationName = Release;
		};
		049A141119B1BFD3005E792A /* Build configuration list for PBXNativeTarget "NSDate_Learn" */ = {
			isa = XCConfigurationList;
			buildConfigurations = (
				049A141219B1BFD3005E792A /* Debug */,
				049A141319B1BFD3005E792A /* Release */,
			);
			defaultConfigurationIsVisible = 0;
		};
		049A141419B1BFD3005E792A /* Build configuration list for PBXNativeTarget "NSDate_LearnTests" */ = {
			isa = XCConfigurationList;
			buildConfigurations = (
				049A141519B1BFD3005E792A /* Debug */,
				049A141619B1BFD3005E792A /* Release */,
			);
			defaultConfigurationIsVisible = 0;
		};
/* End XCConfigurationList section */
	};
	rootObject = 049A13D719B1BFD3005E792A /* Project object */;
}
